<?xml version="1.0" encoding="utf-8"?>
<Project ToolsVersion="4.0" xmlns="http://schemas.microsoft.com/developer/msbuild/2003">
  <ItemGroup>
    <Filter Include="Resource Files">
      <UniqueIdentifier>{67DA6AB6-F800-4c08-8B7A-83BB121AAD01}</UniqueIdentifier>
      <Extensions>rc;ico;cur;bmp;dlg;rc2;rct;bin;rgs;gif;jpg;jpeg;jpe;resx;tiff;tif;png;wav</Extensions>
    </Filter>
    <Filter Include="Header Files">
      <UniqueIdentifier>{93995380-89BD-4b04-88EB-625FBE52EBFB}</UniqueIdentifier>
      <Extensions>h;hpp;hxx;hm;inl;inc;xsd</Extensions>
    </Filter>
    <Filter Include="Source Files">
      <UniqueIdentifier>{4FC737F1-C7A5-4376-A066-2A32D752A2FF}</UniqueIdentifier>
      <Extensions>cpp;c;cc;cxx;def;odl;idl;hpj;bat;asm;asmx</Extensions>
    </Filter>
    <Filter Include="Header Files\Utilities">
      <UniqueIdentifier>{88b719e0-a74a-4627-a395-3a5211eabf3c}</UniqueIdentifier>
    </Filter>
    <Filter Include="Source Files\Utilities">
      <UniqueIdentifier>{bb85077f-dbb1-40ea-8607-13a919ad020f}</UniqueIdentifier>
    </Filter>
    <Filter Include="Header Files\Libraries">
      <UniqueIdentifier>{86c27b30-5ce7-4a76-ab3e-bfb9b3a04c16}</UniqueIdentifier>
    </Filter>
    <Filter Include="Source Files\Libraries">
      <UniqueIdentifier>{87bd3937-2015-45ae-ad64-8dc9ed87cea5}</UniqueIdentifier>
    </Filter>
  </ItemGroup>
  <ItemGroup>
    <ClCompile Include="BigStash.cpp">
      <Filter>Source Files</Filter>
    </ClCompile>
    <ClCompile Include="Commands.cpp">
      <Filter>Source Files</Filter>
    </ClCompile>
    <ClCompile Include="Common.cpp">
      <Filter>Source Files</Filter>
    </ClCompile>
    <ClCompile Include="Error.cpp">
      <Filter>Source Files</Filter>
    </ClCompile>
    <ClCompile Include="ExtendedSaveFile.cpp">
      <Filter>Source Files</Filter>
    </ClCompile>
    <ClCompile Include="InfinityStash.cpp">
      <Filter>Source Files</Filter>
    </ClCompile>
    <ClCompile Include="LoadPlayerData.cpp">
      <Filter>Source Files</Filter>
    </ClCompile>
    <ClCompile Include="MainScreen.cpp">
      <Filter>Source Files</Filter>
    </ClCompile>
    <ClCompile Include="Parameters.cpp">
      <Filter>Source Files</Filter>
    </ClCompile>
    <ClCompile Include="PlayerCustomData.cpp">
      <Filter>Source Files</Filter>
    </ClCompile>
    <ClCompile Include="SavePlayerData.cpp">
      <Filter>Source Files</Filter>
    </ClCompile>
    <ClCompile Include="SharedSaveFile.cpp">
      <Filter>Source Files</Filter>
    </ClCompile>
    <ClCompile Include="UpdateClient.cpp">
      <Filter>Source Files</Filter>
    </ClCompile>
    <ClCompile Include="UpdateServer.cpp">
      <Filter>Source Files</Filter>
    </ClCompile>
    <ClCompile Include="D2Functions.cpp">
      <Filter>Source Files</Filter>
    </ClCompile>
    <ClCompile Include="D2Launch.cpp">
      <Filter>Source Files\Libraries</Filter>
    </ClCompile>
    <ClCompile Include="D2Client.cpp">
      <Filter>Source Files\Libraries</Filter>
    </ClCompile>
    <ClCompile Include="Storm.cpp">
      <Filter>Source Files\Libraries</Filter>
    </ClCompile>
    <ClCompile Include="D2Common.cpp">
      <Filter>Source Files\Libraries</Filter>
    </ClCompile>
    <ClCompile Include="D2Game.cpp">
      <Filter>Source Files\Libraries</Filter>
    </ClCompile>
    <ClCompile Include="D2gfx.cpp">
      <Filter>Source Files\Libraries</Filter>
    </ClCompile>
    <ClCompile Include="D2Win.cpp">
      <Filter>Source Files\Libraries</Filter>
    </ClCompile>
    <ClCompile Include="D2Net.cpp">
      <Filter>Source Files\Libraries</Filter>
    </ClCompile>
    <ClCompile Include="Fog.cpp">
      <Filter>Source Files\Libraries</Filter>
    </ClCompile>
    <ClCompile Include="Game.cpp">
      <Filter>Source Files\Libraries</Filter>
    </ClCompile>
    <ClCompile Include="Main.cpp">
      <Filter>Source Files</Filter>
    </ClCompile>
    <ClCompile Include="AlpacaFiles.cpp">
      <Filter>Source Files</Filter>
    </ClCompile>
    <ClCompile Include="D2CMP.cpp">
      <Filter>Source Files\Libraries</Filter>
    </ClCompile>
    <ClCompile Include="IniFile.cpp">
      <Filter>Source Files</Filter>
    </ClCompile>
    <ClCompile Include="InterfaceStash.cpp">
      <Filter>Source Files</Filter>
    </ClCompile>
    <ClCompile Include="Memory.cpp">
      <Filter>Source Files</Filter>
    </ClCompile>
    <ClCompile Include="LibraryLoader.cpp">
      <Filter>Source Files\Utilities</Filter>
    </ClCompile>
    <ClCompile Include="Utility.cpp">
      <Filter>Source Files\Utilities</Filter>
    </ClCompile>
    <ClCompile Include="VersionUtility.cpp">
      <Filter>Source Files\Utilities</Filter>
    </ClCompile>
    <ClCompile Include="ExtraPatches.cpp">
      <Filter>Source Files</Filter>
    </ClCompile>
  </ItemGroup>
  <ItemGroup>
    <ClInclude Include="Error.h">
      <Filter>Header Files</Filter>
    </ClInclude>
    <ClInclude Include="D2Functions.h">
      <Filter>Header Files</Filter>
    </ClInclude>
    <ClInclude Include="D2Launch.h">
      <Filter>Header Files\Libraries</Filter>
    </ClInclude>
    <ClInclude Include="D2Client.h">
      <Filter>Header Files\Libraries</Filter>
    </ClInclude>
    <ClInclude Include="Storm.h">
      <Filter>Header Files\Libraries</Filter>
    </ClInclude>
    <ClInclude Include="D2Common.h">
      <Filter>Header Files\Libraries</Filter>
    </ClInclude>
    <ClInclude Include="D2Game.h">
      <Filter>Header Files\Libraries</Filter>
    </ClInclude>
    <ClInclude Include="D2gfx.h">
      <Filter>Header Files\Libraries</Filter>
    </ClInclude>
    <ClInclude Include="D2Win.h">
      <Filter>Header Files\Libraries</Filter>
    </ClInclude>
    <ClInclude Include="D2Net.h">
      <Filter>Header Files\Libraries</Filter>
    </ClInclude>
    <ClInclude Include="Fog.h">
      <Filter>Header Files\Libraries</Filter>
    </ClInclude>
    <ClInclude Include="Game.h">
      <Filter>Header Files\Libraries</Filter>
    </ClInclude>
    <ClInclude Include="Library.h">
      <Filter>Header Files\Libraries</Filter>
    </ClInclude>
    <ClInclude Include="AlpacaFiles.h">
      <Filter>Header Files</Filter>
    </ClInclude>
    <ClInclude Include="D2CMP.h">
      <Filter>Header Files\Libraries</Filter>
    </ClInclude>
    <ClInclude Include="LoadPlayerData.h">
      <Filter>Header Files</Filter>
    </ClInclude>
    <ClInclude Include="Parameters.h">
      <Filter>Header Files</Filter>
    </ClInclude>
    <ClInclude Include="BigStash.h">
      <Filter>Header Files</Filter>
    </ClInclude>
    <ClInclude Include="Commands.h">
      <Filter>Header Files</Filter>
    </ClInclude>
    <ClInclude Include="Common.h">
      <Filter>Header Files</Filter>
    </ClInclude>
    <ClInclude Include="CustomData.h">
      <Filter>Header Files</Filter>
    </ClInclude>
    <ClInclude Include="ExtendedSaveFile.h">
      <Filter>Header Files</Filter>
    </ClInclude>
    <ClInclude Include="IniFile.h">
      <Filter>Header Files</Filter>
    </ClInclude>
    <ClInclude Include="InfinityStash.h">
      <Filter>Header Files</Filter>
    </ClInclude>
    <ClInclude Include="InterfaceStash.h">
      <Filter>Header Files</Filter>
    </ClInclude>
    <ClInclude Include="MainScreen.h">
      <Filter>Header Files</Filter>
    </ClInclude>
    <ClInclude Include="Memory.h">
      <Filter>Header Files</Filter>
    </ClInclude>
    <ClInclude Include="PlayerCustomData.h">
      <Filter>Header Files</Filter>
    </ClInclude>
    <ClInclude Include="Resource.h">
      <Filter>Header Files</Filter>
    </ClInclude>
    <ClInclude Include="SavePlayerData.h">
      <Filter>Header Files</Filter>
    </ClInclude>
    <ClInclude Include="SharedSaveFile.h">
      <Filter>Header Files</Filter>
    </ClInclude>
    <ClInclude Include="UpdateClient.h">
      <Filter>Header Files</Filter>
    </ClInclude>
    <ClInclude Include="UpdateServer.h">
      <Filter>Header Files</Filter>
    </ClInclude>
    <ClInclude Include="LibraryLoader.h">
      <Filter>Header Files\Utilities</Filter>
    </ClInclude>
    <ClInclude Include="Utility.h">
      <Filter>Header Files\Utilities</Filter>
    </ClInclude>
    <ClInclude Include="VersionUtility.h">
      <Filter>Header Files\Utilities</Filter>
    </ClInclude>
    <ClInclude Include="D2BinFile.h">
      <Filter>Header Files</Filter>
    </ClInclude>
    <ClInclude Include="D2StringTblStruct.h">
      <Filter>Header Files</Filter>
    </ClInclude>
    <ClInclude Include="D2Struct.h">
      <Filter>Header Files</Filter>
    </ClInclude>
    <ClInclude Include="D2UnitStruct.h">
      <Filter>Header Files</Filter>
    </ClInclude>
    <ClInclude Include="D2Constants.h">
      <Filter>Header Files\Utilities</Filter>
    </ClInclude>
    <ClInclude Include="UpdatingConst.h">
      <Filter>Header Files\Utilities</Filter>
    </ClInclude>
    <ClInclude Include="ExtraPatches.h">
      <Filter>Header Files</Filter>
    </ClInclude>
  </ItemGroup>
  <ItemGroup>
    <ResourceCompile Include="Alpaca.rc">
      <Filter>Resource Files</Filter>
    </ResourceCompile>
  </ItemGroup>
</Project>